// !$*UTF8*$!
{
	archiveVersion = 1;
	classes = {
	};
	objectVersion = 55;
	objects = {

/* Begin PBXBuildFile section */
		6200C2D127E119730060EF69 /* DetailView.swift in Sources */ = {isa = PBXBuildFile; fileRef = 6200C2D027E119730060EF69 /* DetailView.swift */; };
		622F6A3127D6C8EF00753290 /* CoinImageView.swift in Sources */ = {isa = PBXBuildFile; fileRef = 622F6A3027D6C8EF00753290 /* CoinImageView.swift */; };
		622F6A3327D6CA3A00753290 /* CoinImageService.swift in Sources */ = {isa = PBXBuildFile; fileRef = 622F6A3227D6CA3A00753290 /* CoinImageService.swift */; };
		622F6A3527D6CBC100753290 /* CoinImageViewModel.swift in Sources */ = {isa = PBXBuildFile; fileRef = 622F6A3427D6CBC100753290 /* CoinImageViewModel.swift */; };
		622F6A3727D7F4D700753290 /* LocalFileManager.swift in Sources */ = {isa = PBXBuildFile; fileRef = 622F6A3627D7F4D700753290 /* LocalFileManager.swift */; };
		622F6A3927D8030800753290 /* SearchBarView.swift in Sources */ = {isa = PBXBuildFile; fileRef = 622F6A3827D8030800753290 /* SearchBarView.swift */; };
		622F6A3B27D95E9C00753290 /* StatisticView.swift in Sources */ = {isa = PBXBuildFile; fileRef = 622F6A3A27D95E9C00753290 /* StatisticView.swift */; };
		622F6A3D27D9632E00753290 /* HomeStatsView.swift in Sources */ = {isa = PBXBuildFile; fileRef = 622F6A3C27D9632E00753290 /* HomeStatsView.swift */; };
		622F6A3F27D96A5C00753290 /* MarketDataService.swift in Sources */ = {isa = PBXBuildFile; fileRef = 622F6A3E27D96A5C00753290 /* MarketDataService.swift */; };
		622F6A4127DA91D100753290 /* PortfolioView.swift in Sources */ = {isa = PBXBuildFile; fileRef = 622F6A4027DA91D100753290 /* PortfolioView.swift */; };
		622F6A4327DA964100753290 /* XmarkButton.swift in Sources */ = {isa = PBXBuildFile; fileRef = 622F6A4227DA964100753290 /* XmarkButton.swift */; };
		622F6A4527DA98A700753290 /* CoinLogoView.swift in Sources */ = {isa = PBXBuildFile; fileRef = 622F6A4427DA98A700753290 /* CoinLogoView.swift */; };
		622F6A4727DAB07500753290 /* PortfolioDataService.swift in Sources */ = {isa = PBXBuildFile; fileRef = 622F6A4627DAB07500753290 /* PortfolioDataService.swift */; };
		622F6A4927DFC53D00753290 /* HapticManager.swift in Sources */ = {isa = PBXBuildFile; fileRef = 622F6A4827DFC53D00753290 /* HapticManager.swift */; };
		6259CC6C27D17F6F00EA02F4 /* CoinDataService.swift in Sources */ = {isa = PBXBuildFile; fileRef = 6259CC6B27D17F6F00EA02F4 /* CoinDataService.swift */; };
		6259CC6F27D69B9200EA02F4 /* NetworkingManager.swift in Sources */ = {isa = PBXBuildFile; fileRef = 6259CC6E27D69B9200EA02F4 /* NetworkingManager.swift */; };
		6259CC8827D6C2B800EA02F4 /* Date.swift in Sources */ = {isa = PBXBuildFile; fileRef = 6259CC8227D6C2B800EA02F4 /* Date.swift */; };
		6259CC8927D6C2B800EA02F4 /* PreviewProvider.swift in Sources */ = {isa = PBXBuildFile; fileRef = 6259CC8327D6C2B800EA02F4 /* PreviewProvider.swift */; };
		6259CC8A27D6C2B800EA02F4 /* String.swift in Sources */ = {isa = PBXBuildFile; fileRef = 6259CC8427D6C2B800EA02F4 /* String.swift */; };
		6259CC8B27D6C2B800EA02F4 /* Double.swift in Sources */ = {isa = PBXBuildFile; fileRef = 6259CC8527D6C2B800EA02F4 /* Double.swift */; };
		6259CC8C27D6C2B800EA02F4 /* UIApplication.swift in Sources */ = {isa = PBXBuildFile; fileRef = 6259CC8627D6C2B800EA02F4 /* UIApplication.swift */; };
		6259CC8D27D6C2B800EA02F4 /* Color.swift in Sources */ = {isa = PBXBuildFile; fileRef = 6259CC8727D6C2B800EA02F4 /* Color.swift */; };
		6259CC9527D6C2C500EA02F4 /* CoinModel.swift in Sources */ = {isa = PBXBuildFile; fileRef = 6259CC8F27D6C2C500EA02F4 /* CoinModel.swift */; };
		6259CC9627D6C2C500EA02F4 /* MarketDataModel.swift in Sources */ = {isa = PBXBuildFile; fileRef = 6259CC9027D6C2C500EA02F4 /* MarketDataModel.swift */; };
		6259CC9727D6C2C500EA02F4 /* PortfolioContainer.xcdatamodeld in Sources */ = {isa = PBXBuildFile; fileRef = 6259CC9127D6C2C500EA02F4 /* PortfolioContainer.xcdatamodeld */; };
		6259CC9827D6C2C500EA02F4 /* StatisticModel.swift in Sources */ = {isa = PBXBuildFile; fileRef = 6259CC9327D6C2C500EA02F4 /* StatisticModel.swift */; };
		6259CC9927D6C2C500EA02F4 /* CoinDetailModel.swift in Sources */ = {isa = PBXBuildFile; fileRef = 6259CC9427D6C2C500EA02F4 /* CoinDetailModel.swift */; };
		6266A5FC27D02F6300904904 /* CryptoTrackerApp.swift in Sources */ = {isa = PBXBuildFile; fileRef = 6266A5FB27D02F6300904904 /* CryptoTrackerApp.swift */; };
		6266A5FE27D02F6300904904 /* ContentView.swift in Sources */ = {isa = PBXBuildFile; fileRef = 6266A5FD27D02F6300904904 /* ContentView.swift */; };
		6266A60327D02F6400904904 /* Preview Assets.xcassets in Resources */ = {isa = PBXBuildFile; fileRef = 6266A60227D02F6400904904 /* Preview Assets.xcassets */; };
		6266A60A27D0312000904904 /* Assets.xcassets in Resources */ = {isa = PBXBuildFile; fileRef = 6266A60927D0312000904904 /* Assets.xcassets */; };
		6266A63627D157A500904904 /* HomeView.swift in Sources */ = {isa = PBXBuildFile; fileRef = 6266A63527D157A500904904 /* HomeView.swift */; };
		6266A63A27D158FE00904904 /* CircleButtonView.swift in Sources */ = {isa = PBXBuildFile; fileRef = 6266A63927D158FE00904904 /* CircleButtonView.swift */; };
		6266A63C27D15DF000904904 /* CircleButtonAnimationView.swift in Sources */ = {isa = PBXBuildFile; fileRef = 6266A63B27D15DF000904904 /* CircleButtonAnimationView.swift */; };
		6266A63E27D1698300904904 /* CoinRowView.swift in Sources */ = {isa = PBXBuildFile; fileRef = 6266A63D27D1698300904904 /* CoinRowView.swift */; };
		6266A64027D177DC00904904 /* HomeViewModel.swift in Sources */ = {isa = PBXBuildFile; fileRef = 6266A63F27D177DC00904904 /* HomeViewModel.swift */; };
/* End PBXBuildFile section */

/* Begin PBXFileReference section */
		6200C2D027E119730060EF69 /* DetailView.swift */ = {isa = PBXFileReference; lastKnownFileType = sourcecode.swift; path = DetailView.swift; sourceTree = "<group>"; };
		622F6A3027D6C8EF00753290 /* CoinImageView.swift */ = {isa = PBXFileReference; lastKnownFileType = sourcecode.swift; path = CoinImageView.swift; sourceTree = "<group>"; };
		622F6A3227D6CA3A00753290 /* CoinImageService.swift */ = {isa = PBXFileReference; lastKnownFileType = sourcecode.swift; path = CoinImageService.swift; sourceTree = "<group>"; };
		622F6A3427D6CBC100753290 /* CoinImageViewModel.swift */ = {isa = PBXFileReference; lastKnownFileType = sourcecode.swift; path = CoinImageViewModel.swift; sourceTree = "<group>"; };
		622F6A3627D7F4D700753290 /* LocalFileManager.swift */ = {isa = PBXFileReference; lastKnownFileType = sourcecode.swift; path = LocalFileManager.swift; sourceTree = "<group>"; };
		622F6A3827D8030800753290 /* SearchBarView.swift */ = {isa = PBXFileReference; lastKnownFileType = sourcecode.swift; path = SearchBarView.swift; sourceTree = "<group>"; };
		622F6A3A27D95E9C00753290 /* StatisticView.swift */ = {isa = PBXFileReference; lastKnownFileType = sourcecode.swift; path = StatisticView.swift; sourceTree = "<group>"; };
		622F6A3C27D9632E00753290 /* HomeStatsView.swift */ = {isa = PBXFileReference; lastKnownFileType = sourcecode.swift; path = HomeStatsView.swift; sourceTree = "<group>"; };
		622F6A3E27D96A5C00753290 /* MarketDataService.swift */ = {isa = PBXFileReference; lastKnownFileType = sourcecode.swift; path = MarketDataService.swift; sourceTree = "<group>"; };
		622F6A4027DA91D100753290 /* PortfolioView.swift */ = {isa = PBXFileReference; lastKnownFileType = sourcecode.swift; path = PortfolioView.swift; sourceTree = "<group>"; };
		622F6A4227DA964100753290 /* XmarkButton.swift */ = {isa = PBXFileReference; lastKnownFileType = sourcecode.swift; path = XmarkButton.swift; sourceTree = "<group>"; };
		622F6A4427DA98A700753290 /* CoinLogoView.swift */ = {isa = PBXFileReference; lastKnownFileType = sourcecode.swift; path = CoinLogoView.swift; sourceTree = "<group>"; };
		622F6A4627DAB07500753290 /* PortfolioDataService.swift */ = {isa = PBXFileReference; lastKnownFileType = sourcecode.swift; path = PortfolioDataService.swift; sourceTree = "<group>"; };
		622F6A4827DFC53D00753290 /* HapticManager.swift */ = {isa = PBXFileReference; lastKnownFileType = sourcecode.swift; path = HapticManager.swift; sourceTree = "<group>"; };
		6259CC6B27D17F6F00EA02F4 /* CoinDataService.swift */ = {isa = PBXFileReference; lastKnownFileType = sourcecode.swift; path = CoinDataService.swift; sourceTree = "<group>"; };
		6259CC6E27D69B9200EA02F4 /* NetworkingManager.swift */ = {isa = PBXFileReference; lastKnownFileType = sourcecode.swift; path = NetworkingManager.swift; sourceTree = "<group>"; };
		6259CC8227D6C2B800EA02F4 /* Date.swift */ = {isa = PBXFileReference; fileEncoding = 4; lastKnownFileType = sourcecode.swift; path = Date.swift; sourceTree = "<group>"; };
		6259CC8327D6C2B800EA02F4 /* PreviewProvider.swift */ = {isa = PBXFileReference; fileEncoding = 4; lastKnownFileType = sourcecode.swift; path = PreviewProvider.swift; sourceTree = "<group>"; };
		6259CC8427D6C2B800EA02F4 /* String.swift */ = {isa = PBXFileReference; fileEncoding = 4; lastKnownFileType = sourcecode.swift; path = String.swift; sourceTree = "<group>"; };
		6259CC8527D6C2B800EA02F4 /* Double.swift */ = {isa = PBXFileReference; fileEncoding = 4; lastKnownFileType = sourcecode.swift; path = Double.swift; sourceTree = "<group>"; };
		6259CC8627D6C2B800EA02F4 /* UIApplication.swift */ = {isa = PBXFileReference; fileEncoding = 4; lastKnownFileType = sourcecode.swift; path = UIApplication.swift; sourceTree = "<group>"; };
		6259CC8727D6C2B800EA02F4 /* Color.swift */ = {isa = PBXFileReference; fileEncoding = 4; lastKnownFileType = sourcecode.swift; path = Color.swift; sourceTree = "<group>"; };
		6259CC8F27D6C2C500EA02F4 /* CoinModel.swift */ = {isa = PBXFileReference; fileEncoding = 4; lastKnownFileType = sourcecode.swift; path = CoinModel.swift; sourceTree = "<group>"; };
		6259CC9027D6C2C500EA02F4 /* MarketDataModel.swift */ = {isa = PBXFileReference; fileEncoding = 4; lastKnownFileType = sourcecode.swift; path = MarketDataModel.swift; sourceTree = "<group>"; };
		6259CC9227D6C2C500EA02F4 /* PortfolioContainer.xcdatamodel */ = {isa = PBXFileReference; lastKnownFileType = wrapper.xcdatamodel; path = PortfolioContainer.xcdatamodel; sourceTree = "<group>"; };
		6259CC9327D6C2C500EA02F4 /* StatisticModel.swift */ = {isa = PBXFileReference; fileEncoding = 4; lastKnownFileType = sourcecode.swift; path = StatisticModel.swift; sourceTree = "<group>"; };
		6259CC9427D6C2C500EA02F4 /* CoinDetailModel.swift */ = {isa = PBXFileReference; fileEncoding = 4; lastKnownFileType = sourcecode.swift; path = CoinDetailModel.swift; sourceTree = "<group>"; };
		6266A5F827D02F6300904904 /* Crypto Tracker.app */ = {isa = PBXFileReference; explicitFileType = wrapper.application; includeInIndex = 0; path = "Crypto Tracker.app"; sourceTree = BUILT_PRODUCTS_DIR; };
		6266A5FB27D02F6300904904 /* CryptoTrackerApp.swift */ = {isa = PBXFileReference; lastKnownFileType = sourcecode.swift; path = CryptoTrackerApp.swift; sourceTree = "<group>"; };
		6266A5FD27D02F6300904904 /* ContentView.swift */ = {isa = PBXFileReference; lastKnownFileType = sourcecode.swift; path = ContentView.swift; sourceTree = "<group>"; };
		6266A60227D02F6400904904 /* Preview Assets.xcassets */ = {isa = PBXFileReference; lastKnownFileType = folder.assetcatalog; path = "Preview Assets.xcassets"; sourceTree = "<group>"; };
		6266A60927D0312000904904 /* Assets.xcassets */ = {isa = PBXFileReference; lastKnownFileType = folder.assetcatalog; name = Assets.xcassets; path = ../../../../../Desktop/Resources/Assets.xcassets; sourceTree = "<group>"; };
		6266A63527D157A500904904 /* HomeView.swift */ = {isa = PBXFileReference; lastKnownFileType = sourcecode.swift; path = HomeView.swift; sourceTree = "<group>"; };
		6266A63927D158FE00904904 /* CircleButtonView.swift */ = {isa = PBXFileReference; lastKnownFileType = sourcecode.swift; path = CircleButtonView.swift; sourceTree = "<group>"; };
		6266A63B27D15DF000904904 /* CircleButtonAnimationView.swift */ = {isa = PBXFileReference; lastKnownFileType = sourcecode.swift; path = CircleButtonAnimationView.swift; sourceTree = "<group>"; };
		6266A63D27D1698300904904 /* CoinRowView.swift */ = {isa = PBXFileReference; lastKnownFileType = sourcecode.swift; path = CoinRowView.swift; sourceTree = "<group>"; };
		6266A63F27D177DC00904904 /* HomeViewModel.swift */ = {isa = PBXFileReference; lastKnownFileType = sourcecode.swift; path = HomeViewModel.swift; sourceTree = "<group>"; };
/* End PBXFileReference section */

/* Begin PBXFrameworksBuildPhase section */
		6266A5F527D02F6300904904 /* Frameworks */ = {
			isa = PBXFrameworksBuildPhase;
			buildActionMask = 2147483647;
			files = (
			);
			runOnlyForDeploymentPostprocessing = 0;
		};
/* End PBXFrameworksBuildPhase section */

/* Begin PBXGroup section */
		6200C2CD27E118D30060EF69 /* Detail */ = {
			isa = PBXGroup;
			children = (
				6200C2CF27E1195F0060EF69 /* Views */,
				6200C2CE27E1194F0060EF69 /* ViewModels */,
			);
			path = Detail;
			sourceTree = "<group>";
		};
		6200C2CE27E1194F0060EF69 /* ViewModels */ = {
			isa = PBXGroup;
			children = (
			);
			path = ViewModels;
			sourceTree = "<group>";
		};
		6200C2CF27E1195F0060EF69 /* Views */ = {
			isa = PBXGroup;
			children = (
				6200C2D027E119730060EF69 /* DetailView.swift */,
			);
			path = Views;
			sourceTree = "<group>";
		};
		622F6A2F27D6C8E100753290 /* CoinImage */ = {
			isa = PBXGroup;
			children = (
				622F6A3027D6C8EF00753290 /* CoinImageView.swift */,
				622F6A3427D6CBC100753290 /* CoinImageViewModel.swift */,
				622F6A4427DA98A700753290 /* CoinLogoView.swift */,
			);
			path = CoinImage;
			sourceTree = "<group>";
		};
		6259CC6A27D17F1D00EA02F4 /* Services */ = {
			isa = PBXGroup;
			children = (
				6259CC6B27D17F6F00EA02F4 /* CoinDataService.swift */,
				622F6A3227D6CA3A00753290 /* CoinImageService.swift */,
				622F6A3E27D96A5C00753290 /* MarketDataService.swift */,
				622F6A4627DAB07500753290 /* PortfolioDataService.swift */,
			);
			path = Services;
			sourceTree = "<group>";
		};
		6259CC6D27D69B5400EA02F4 /* Utils */ = {
			isa = PBXGroup;
			children = (
				6259CC6E27D69B9200EA02F4 /* NetworkingManager.swift */,
				622F6A3627D7F4D700753290 /* LocalFileManager.swift */,
				622F6A4827DFC53D00753290 /* HapticManager.swift */,
			);
			path = Utils;
			sourceTree = "<group>";
		};
		6259CC8127D6C2B800EA02F4 /* Extensions */ = {
			isa = PBXGroup;
			children = (
				6259CC8227D6C2B800EA02F4 /* Date.swift */,
				6259CC8327D6C2B800EA02F4 /* PreviewProvider.swift */,
				6259CC8427D6C2B800EA02F4 /* String.swift */,
				6259CC8527D6C2B800EA02F4 /* Double.swift */,
				6259CC8627D6C2B800EA02F4 /* UIApplication.swift */,
				6259CC8727D6C2B800EA02F4 /* Color.swift */,
			);
			path = Extensions;
			sourceTree = "<group>";
		};
		6259CC8E27D6C2C500EA02F4 /* Models */ = {
			isa = PBXGroup;
			children = (
				6259CC8F27D6C2C500EA02F4 /* CoinModel.swift */,
				6259CC9027D6C2C500EA02F4 /* MarketDataModel.swift */,
				6259CC9127D6C2C500EA02F4 /* PortfolioContainer.xcdatamodeld */,
				6259CC9327D6C2C500EA02F4 /* StatisticModel.swift */,
				6259CC9427D6C2C500EA02F4 /* CoinDetailModel.swift */,
			);
			path = Models;
			sourceTree = "<group>";
		};
		6266A5EF27D02F6300904904 = {
			isa = PBXGroup;
			children = (
				6266A5FA27D02F6300904904 /* CryptoTracker */,
				6266A5F927D02F6300904904 /* Products */,
			);
			sourceTree = "<group>";
		};
		6266A5F927D02F6300904904 /* Products */ = {
			isa = PBXGroup;
			children = (
				6266A5F827D02F6300904904 /* Crypto Tracker.app */,
			);
			name = Products;
			sourceTree = "<group>";
		};
		6266A5FA27D02F6300904904 /* CryptoTracker */ = {
			isa = PBXGroup;
			children = (
				6259CC8127D6C2B800EA02F4 /* Extensions */,
				6259CC6D27D69B5400EA02F4 /* Utils */,
				6259CC6A27D17F1D00EA02F4 /* Services */,
				6266A63127D1574C00904904 /* Core */,
				6266A5FB27D02F6300904904 /* CryptoTrackerApp.swift */,
				6266A5FD27D02F6300904904 /* ContentView.swift */,
				6266A60927D0312000904904 /* Assets.xcassets */,
				6266A60127D02F6400904904 /* Preview Content */,
			);
			path = CryptoTracker;
			sourceTree = "<group>";
		};
		6266A60127D02F6400904904 /* Preview Content */ = {
			isa = PBXGroup;
			children = (
				6266A60227D02F6400904904 /* Preview Assets.xcassets */,
			);
			path = "Preview Content";
			sourceTree = "<group>";
		};
		6266A63127D1574C00904904 /* Core */ = {
			isa = PBXGroup;
			children = (
				6266A63227D1577200904904 /* Home */,
				6200C2CD27E118D30060EF69 /* Detail */,
				6266A63727D1588B00904904 /* Components */,
			);
			path = Core;
			sourceTree = "<group>";
		};
		6266A63227D1577200904904 /* Home */ = {
			isa = PBXGroup;
			children = (
				6259CC8E27D6C2C500EA02F4 /* Models */,
				6266A63427D1578900904904 /* ViewModels */,
				6266A63327D1578100904904 /* Views */,
			);
			path = Home;
			sourceTree = "<group>";
		};
		6266A63327D1578100904904 /* Views */ = {
			isa = PBXGroup;
			children = (
				6266A63527D157A500904904 /* HomeView.swift */,
				6266A63D27D1698300904904 /* CoinRowView.swift */,
				622F6A3C27D9632E00753290 /* HomeStatsView.swift */,
				622F6A4027DA91D100753290 /* PortfolioView.swift */,
			);
			path = Views;
			sourceTree = "<group>";
		};
		6266A63427D1578900904904 /* ViewModels */ = {
			isa = PBXGroup;
			children = (
				6266A63F27D177DC00904904 /* HomeViewModel.swift */,
			);
			path = ViewModels;
			sourceTree = "<group>";
		};
		6266A63727D1588B00904904 /* Components */ = {
			isa = PBXGroup;
			children = (
				622F6A2F27D6C8E100753290 /* CoinImage */,
				6266A63827D158EC00904904 /* CircleButton */,
				622F6A3827D8030800753290 /* SearchBarView.swift */,
				622F6A3A27D95E9C00753290 /* StatisticView.swift */,
				622F6A4227DA964100753290 /* XmarkButton.swift */,
			);
			path = Components;
			sourceTree = "<group>";
		};
		6266A63827D158EC00904904 /* CircleButton */ = {
			isa = PBXGroup;
			children = (
				6266A63927D158FE00904904 /* CircleButtonView.swift */,
				6266A63B27D15DF000904904 /* CircleButtonAnimationView.swift */,
			);
			path = CircleButton;
			sourceTree = "<group>";
		};
/* End PBXGroup section */

/* Begin PBXNativeTarget section */
		6266A5F727D02F6300904904 /* CryptoTracker */ = {
			isa = PBXNativeTarget;
			buildConfigurationList = 6266A60627D02F6400904904 /* Build configuration list for PBXNativeTarget "CryptoTracker" */;
			buildPhases = (
				6266A5F427D02F6300904904 /* Sources */,
				6266A5F527D02F6300904904 /* Frameworks */,
				6266A5F627D02F6300904904 /* Resources */,
			);
			buildRules = (
			);
			dependencies = (
			);
			name = CryptoTracker;
			productName = CryptoTracker;
			productReference = 6266A5F827D02F6300904904 /* Crypto Tracker.app */;
			productType = "com.apple.product-type.application";
		};
/* End PBXNativeTarget section */

/* Begin PBXProject section */
		6266A5F027D02F6300904904 /* Project object */ = {
			isa = PBXProject;
			attributes = {
				BuildIndependentTargetsInParallel = 1;
				LastSwiftUpdateCheck = 1320;
				LastUpgradeCheck = 1320;
				TargetAttributes = {
					6266A5F727D02F6300904904 = {
						CreatedOnToolsVersion = 13.2.1;
					};
				};
			};
			buildConfigurationList = 6266A5F327D02F6300904904 /* Build configuration list for PBXProject "CryptoTracker" */;
			compatibilityVersion = "Xcode 13.0";
			developmentRegion = en;
			hasScannedForEncodings = 0;
			knownRegions = (
				en,
				Base,
			);
			mainGroup = 6266A5EF27D02F6300904904;
			productRefGroup = 6266A5F927D02F6300904904 /* Products */;
			projectDirPath = "";
			projectRoot = "";
			targets = (
				6266A5F727D02F6300904904 /* CryptoTracker */,
			);
		};
/* End PBXProject section */

/* Begin PBXResourcesBuildPhase section */
		6266A5F627D02F6300904904 /* Resources */ = {
			isa = PBXResourcesBuildPhase;
			buildActionMask = 2147483647;
			files = (
				6266A60327D02F6400904904 /* Preview Assets.xcassets in Resources */,
				6266A60A27D0312000904904 /* Assets.xcassets in Resources */,
			);
			runOnlyForDeploymentPostprocessing = 0;
		};
/* End PBXResourcesBuildPhase section */

/* Begin PBXSourcesBuildPhase section */
		6266A5F427D02F6300904904 /* Sources */ = {
			isa = PBXSourcesBuildPhase;
			buildActionMask = 2147483647;
			files = (
				6259CC9827D6C2C500EA02F4 /* StatisticModel.swift in Sources */,
				6266A63C27D15DF000904904 /* CircleButtonAnimationView.swift in Sources */,
				622F6A4127DA91D100753290 /* PortfolioView.swift in Sources */,
				622F6A3D27D9632E00753290 /* HomeStatsView.swift in Sources */,
				6259CC8827D6C2B800EA02F4 /* Date.swift in Sources */,
				6266A5FE27D02F6300904904 /* ContentView.swift in Sources */,
				622F6A3F27D96A5C00753290 /* MarketDataService.swift in Sources */,
				6259CC6C27D17F6F00EA02F4 /* CoinDataService.swift in Sources */,
				622F6A3927D8030800753290 /* SearchBarView.swift in Sources */,
				622F6A3127D6C8EF00753290 /* CoinImageView.swift in Sources */,
				6259CC9527D6C2C500EA02F4 /* CoinModel.swift in Sources */,
				6259CC9627D6C2C500EA02F4 /* MarketDataModel.swift in Sources */,
				6259CC8B27D6C2B800EA02F4 /* Double.swift in Sources */,
				6266A63A27D158FE00904904 /* CircleButtonView.swift in Sources */,
				6259CC9927D6C2C500EA02F4 /* CoinDetailModel.swift in Sources */,
				622F6A4327DA964100753290 /* XmarkButton.swift in Sources */,
				6266A63E27D1698300904904 /* CoinRowView.swift in Sources */,
				622F6A3527D6CBC100753290 /* CoinImageViewModel.swift in Sources */,
				622F6A4527DA98A700753290 /* CoinLogoView.swift in Sources */,
				6200C2D127E119730060EF69 /* DetailView.swift in Sources */,
				622F6A4927DFC53D00753290 /* HapticManager.swift in Sources */,
				6259CC8A27D6C2B800EA02F4 /* String.swift in Sources */,
				6259CC8D27D6C2B800EA02F4 /* Color.swift in Sources */,
				6259CC8C27D6C2B800EA02F4 /* UIApplication.swift in Sources */,
				6259CC8927D6C2B800EA02F4 /* PreviewProvider.swift in Sources */,
				622F6A3327D6CA3A00753290 /* CoinImageService.swift in Sources */,
				6266A63627D157A500904904 /* HomeView.swift in Sources */,
				6259CC9727D6C2C500EA02F4 /* PortfolioContainer.xcdatamodeld in Sources */,
				622F6A3B27D95E9C00753290 /* StatisticView.swift in Sources */,
				6266A5FC27D02F6300904904 /* CryptoTrackerApp.swift in Sources */,
				6266A64027D177DC00904904 /* HomeViewModel.swift in Sources */,
				6259CC6F27D69B9200EA02F4 /* NetworkingManager.swift in Sources */,
				622F6A4727DAB07500753290 /* PortfolioDataService.swift in Sources */,
				622F6A3727D7F4D700753290 /* LocalFileManager.swift in Sources */,
			);
			runOnlyForDeploymentPostprocessing = 0;
		};
/* End PBXSourcesBuildPhase section */

/* Begin XCBuildConfiguration section */
		6266A60427D02F6400904904 /* Debug */ = {
			isa = XCBuildConfiguration;
			buildSettings = {
				ALWAYS_SEARCH_USER_PATHS = NO;
				CLANG_ANALYZER_NONNULL = YES;
				CLANG_ANALYZER_NUMBER_OBJECT_CONVERSION = YES_AGGRESSIVE;
				CLANG_CXX_LANGUAGE_STANDARD = "gnu++17";
				CLANG_CXX_LIBRARY = "libc++";
				CLANG_ENABLE_MODULES = YES;
				CLANG_ENABLE_OBJC_ARC = YES;
				CLANG_ENABLE_OBJC_WEAK = YES;
				CLANG_WARN_BLOCK_CAPTURE_AUTORELEASING = YES;
				CLANG_WARN_BOOL_CONVERSION = YES;
				CLANG_WARN_COMMA = YES;
				CLANG_WARN_CONSTANT_CONVERSION = YES;
				CLANG_WARN_DEPRECATED_OBJC_IMPLEMENTATIONS = YES;
				CLANG_WARN_DIRECT_OBJC_ISA_USAGE = YES_ERROR;
				CLANG_WARN_DOCUMENTATION_COMMENTS = YES;
				CLANG_WARN_EMPTY_BODY = YES;
				CLANG_WARN_ENUM_CONVERSION = YES;
				CLANG_WARN_INFINITE_RECURSION = YES;
				CLANG_WARN_INT_CONVERSION = YES;
				CLANG_WARN_NON_LITERAL_NULL_CONVERSION = YES;
				CLANG_WARN_OBJC_IMPLICIT_RETAIN_SELF = YES;
				CLANG_WARN_OBJC_LITERAL_CONVERSION = YES;
				CLANG_WARN_OBJC_ROOT_CLASS = YES_ERROR;
				CLANG_WARN_QUOTED_INCLUDE_IN_FRAMEWORK_HEADER = YES;
				CLANG_WARN_RANGE_LOOP_ANALYSIS = YES;
				CLANG_WARN_STRICT_PROTOTYPES = YES;
				CLANG_WARN_SUSPICIOUS_MOVE = YES;
				CLANG_WARN_UNGUARDED_AVAILABILITY = YES_AGGRESSIVE;
				CLANG_WARN_UNREACHABLE_CODE = YES;
				CLANG_WARN__DUPLICATE_METHOD_MATCH = YES;
				COPY_PHASE_STRIP = NO;
				DEBUG_INFORMATION_FORMAT = dwarf;
				ENABLE_STRICT_OBJC_MSGSEND = YES;
				ENABLE_TESTABILITY = YES;
				GCC_C_LANGUAGE_STANDARD = gnu11;
				GCC_DYNAMIC_NO_PIC = NO;
				GCC_NO_COMMON_BLOCKS = YES;
				GCC_OPTIMIZATION_LEVEL = 0;
				GCC_PREPROCESSOR_DEFINITIONS = (
					"DEBUG=1",
					"$(inherited)",
				);
				GCC_WARN_64_TO_32_BIT_CONVERSION = YES;
				GCC_WARN_ABOUT_RETURN_TYPE = YES_ERROR;
				GCC_WARN_UNDECLARED_SELECTOR = YES;
				GCC_WARN_UNINITIALIZED_AUTOS = YES_AGGRESSIVE;
				GCC_WARN_UNUSED_FUNCTION = YES;
				GCC_WARN_UNUSED_VARIABLE = YES;
				IPHONEOS_DEPLOYMENT_TARGET = 15.2;
				MTL_ENABLE_DEBUG_INFO = INCLUDE_SOURCE;
				MTL_FAST_MATH = YES;
				ONLY_ACTIVE_ARCH = YES;
				SDKROOT = iphoneos;
				SWIFT_ACTIVE_COMPILATION_CONDITIONS = DEBUG;
				SWIFT_OPTIMIZATION_LEVEL = "-Onone";
			};
			name = Debug;
		};
		6266A60527D02F6400904904 /* Release */ = {
			isa = XCBuildConfiguration;
			buildSettings = {
				ALWAYS_SEARCH_USER_PATHS = NO;
				CLANG_ANALYZER_NONNULL = YES;
				CLANG_ANALYZER_NUMBER_OBJECT_CONVERSION = YES_AGGRESSIVE;
				CLANG_CXX_LANGUAGE_STANDARD = "gnu++17";
				CLANG_CXX_LIBRARY = "libc++";
				CLANG_ENABLE_MODULES = YES;
				CLANG_ENABLE_OBJC_ARC = YES;
				CLANG_ENABLE_OBJC_WEAK = YES;
				CLANG_WARN_BLOCK_CAPTURE_AUTORELEASING = YES;
				CLANG_WARN_BOOL_CONVERSION = YES;
				CLANG_WARN_COMMA = YES;
				CLANG_WARN_CONSTANT_CONVERSION = YES;
				CLANG_WARN_DEPRECATED_OBJC_IMPLEMENTATIONS = YES;
				CLANG_WARN_DIRECT_OBJC_ISA_USAGE = YES_ERROR;
				CLANG_WARN_DOCUMENTATION_COMMENTS = YES;
				CLANG_WARN_EMPTY_BODY = YES;
				CLANG_WARN_ENUM_CONVERSION = YES;
				CLANG_WARN_INFINITE_RECURSION = YES;
				CLANG_WARN_INT_CONVERSION = YES;
				CLANG_WARN_NON_LITERAL_NULL_CONVERSION = YES;
				CLANG_WARN_OBJC_IMPLICIT_RETAIN_SELF = YES;
				CLANG_WARN_OBJC_LITERAL_CONVERSION = YES;
				CLANG_WARN_OBJC_ROOT_CLASS = YES_ERROR;
				CLANG_WARN_QUOTED_INCLUDE_IN_FRAMEWORK_HEADER = YES;
				CLANG_WARN_RANGE_LOOP_ANALYSIS = YES;
				CLANG_WARN_STRICT_PROTOTYPES = YES;
				CLANG_WARN_SUSPICIOUS_MOVE = YES;
				CLANG_WARN_UNGUARDED_AVAILABILITY = YES_AGGRESSIVE;
				CLANG_WARN_UNREACHABLE_CODE = YES;
				CLANG_WARN__DUPLICATE_METHOD_MATCH = YES;
				COPY_PHASE_STRIP = NO;
				DEBUG_INFORMATION_FORMAT = "dwarf-with-dsym";
				ENABLE_NS_ASSERTIONS = NO;
				ENABLE_STRICT_OBJC_MSGSEND = YES;
				GCC_C_LANGUAGE_STANDARD = gnu11;
				GCC_NO_COMMON_BLOCKS = YES;
				GCC_WARN_64_TO_32_BIT_CONVERSION = YES;
				GCC_WARN_ABOUT_RETURN_TYPE = YES_ERROR;
				GCC_WARN_UNDECLARED_SELECTOR = YES;
				GCC_WARN_UNINITIALIZED_AUTOS = YES_AGGRESSIVE;
				GCC_WARN_UNUSED_FUNCTION = YES;
				GCC_WARN_UNUSED_VARIABLE = YES;
				IPHONEOS_DEPLOYMENT_TARGET = 15.2;
				MTL_ENABLE_DEBUG_INFO = NO;
				MTL_FAST_MATH = YES;
				SDKROOT = iphoneos;
				SWIFT_COMPILATION_MODE = wholemodule;
				SWIFT_OPTIMIZATION_LEVEL = "-O";
				VALIDATE_PRODUCT = YES;
			};
			name = Release;
		};
		6266A60727D02F6400904904 /* Debug */ = {
			isa = XCBuildConfiguration;
			buildSettings = {
				ASSETCATALOG_COMPILER_APPICON_NAME = AppIcon;
				ASSETCATALOG_COMPILER_GLOBAL_ACCENT_COLOR_NAME = AccentColor;
				CODE_SIGN_STYLE = Automatic;
				CURRENT_PROJECT_VERSION = 1;
				DEVELOPMENT_ASSET_PATHS = "\"CryptoTracker/Preview Content\"";
				ENABLE_PREVIEWS = YES;
				GENERATE_INFOPLIST_FILE = YES;
				INFOPLIST_KEY_UIApplicationSceneManifest_Generation = YES;
				INFOPLIST_KEY_UIApplicationSupportsIndirectInputEvents = YES;
				INFOPLIST_KEY_UILaunchScreen_Generation = YES;
				INFOPLIST_KEY_UISupportedInterfaceOrientations = UIInterfaceOrientationPortrait;
				INFOPLIST_KEY_UISupportedInterfaceOrientations_iPad = "UIInterfaceOrientationPortrait UIInterfaceOrientationPortraitUpsideDown UIInterfaceOrientationLandscapeLeft UIInterfaceOrientationLandscapeRight";
				INFOPLIST_KEY_UISupportedInterfaceOrientations_iPhone = "UIInterfaceOrientationPortrait UIInterfaceOrientationLandscapeLeft UIInterfaceOrientationLandscapeRight";
				LD_RUNPATH_SEARCH_PATHS = (
					"$(inherited)",
					"@executable_path/Frameworks",
				);
				MARKETING_VERSION = 1.0;
				PRODUCT_BUNDLE_IDENTIFIER = com.aguirretyler.CryptoTracker;
				PRODUCT_NAME = "Crypto Tracker";
				SWIFT_EMIT_LOC_STRINGS = YES;
				SWIFT_VERSION = 5.0;
				TARGETED_DEVICE_FAMILY = "1,2";
			};
			name = Debug;
		};
		6266A60827D02F6400904904 /* Release */ = {
			isa = XCBuildConfiguration;
			buildSettings = {
				ASSETCATALOG_COMPILER_APPICON_NAME = AppIcon;
				ASSETCATALOG_COMPILER_GLOBAL_ACCENT_COLOR_NAME = AccentColor;
				CODE_SIGN_STYLE = Automatic;
				CURRENT_PROJECT_VERSION = 1;
				DEVELOPMENT_ASSET_PATHS = "\"CryptoTracker/Preview Content\"";
				ENABLE_PREVIEWS = YES;
				GENERATE_INFOPLIST_FILE = YES;
				INFOPLIST_KEY_UIApplicationSceneManifest_Generation = YES;
				INFOPLIST_KEY_UIApplicationSupportsIndirectInputEvents = YES;
				INFOPLIST_KEY_UILaunchScreen_Generation = YES;
				INFOPLIST_KEY_UISupportedInterfaceOrientations = UIInterfaceOrientationPortrait;
				INFOPLIST_KEY_UISupportedInterfaceOrientations_iPad = "UIInterfaceOrientationPortrait UIInterfaceOrientationPortraitUpsideDown UIInterfaceOrientationLandscapeLeft UIInterfaceOrientationLandscapeRight";
				INFOPLIST_KEY_UISupportedInterfaceOrientations_iPhone = "UIInterfaceOrientationPortrait UIInterfaceOrientationLandscapeLeft UIInterfaceOrientationLandscapeRight";
				LD_RUNPATH_SEARCH_PATHS = (
					"$(inherited)",
					"@executable_path/Frameworks",
				);
				MARKETING_VERSION = 1.0;
				PRODUCT_BUNDLE_IDENTIFIER = com.aguirretyler.CryptoTracker;
				PRODUCT_NAME = "Crypto Tracker";
				SWIFT_EMIT_LOC_STRINGS = YES;
				SWIFT_VERSION = 5.0;
				TARGETED_DEVICE_FAMILY = "1,2";
			};
			name = Release;
		};
/* End XCBuildConfiguration section */

/* Begin XCConfigurationList section */
		6266A5F327D02F6300904904 /* Build configuration list for PBXProject "CryptoTracker" */ = {
			isa = XCConfigurationList;
			buildConfigurations = (
				6266A60427D02F6400904904 /* Debug */,
				6266A60527D02F6400904904 /* Release */,
			);
			defaultConfigurationIsVisible = 0;
			defaultConfigurationName = Release;
		};
		6266A60627D02F6400904904 /* Build configuration list for PBXNativeTarget "CryptoTracker" */ = {
			isa = XCConfigurationList;
			buildConfigurations = (
				6266A60727D02F6400904904 /* Debug */,
				6266A60827D02F6400904904 /* Release */,
			);
			defaultConfigurationIsVisible = 0;
			defaultConfigurationName = Release;
		};
/* End XCConfigurationList section */

/* Begin XCVersionGroup section */
		6259CC9127D6C2C500EA02F4 /* PortfolioContainer.xcdatamodeld */ = {
			isa = XCVersionGroup;
			children = (
				6259CC9227D6C2C500EA02F4 /* PortfolioContainer.xcdatamodel */,
			);
			currentVersion = 6259CC9227D6C2C500EA02F4 /* PortfolioContainer.xcdatamodel */;
			path = PortfolioContainer.xcdatamodeld;
			sourceTree = "<group>";
			versionGroupType = wrapper.xcdatamodel;
		};
/* End XCVersionGroup section */
	};
	rootObject = 6266A5F027D02F6300904904 /* Project object */;
}
